// !$*UTF8*$!
{
	archiveVersion = 1;
	classes = {
	};
	objectVersion = 48;
	objects = {

/* Begin PBXBuildFile section */
		045B4DF621A5537E00B28938 /* QuestionViewController.swift in Sources */ = {isa = PBXBuildFile; fileRef = 045B4DF521A5537E00B28938 /* QuestionViewController.swift */; };
		045B4DF821A55EFB00B28938 /* madlib0_simple.txt in Resources */ = {isa = PBXBuildFile; fileRef = 045B4DF721A55EFB00B28938 /* madlib0_simple.txt */; };
		045B4DFD21A55F1C00B28938 /* madlib2_university.txt in Resources */ = {isa = PBXBuildFile; fileRef = 045B4DF921A55F1B00B28938 /* madlib2_university.txt */; };
		045B4DFE21A55F1C00B28938 /* madlib3_clothes.txt in Resources */ = {isa = PBXBuildFile; fileRef = 045B4DFA21A55F1B00B28938 /* madlib3_clothes.txt */; };
		045B4DFF21A55F1C00B28938 /* madlib1_tarzan.txt in Resources */ = {isa = PBXBuildFile; fileRef = 045B4DFB21A55F1B00B28938 /* madlib1_tarzan.txt */; };
		045B4E0021A55F1C00B28938 /* madlib4_dance.txt in Resources */ = {isa = PBXBuildFile; fileRef = 045B4DFC21A55F1C00B28938 /* madlib4_dance.txt */; };
		045B4E0221A56C5000B28938 /* ChoiceViewController.swift in Sources */ = {isa = PBXBuildFile; fileRef = 045B4E0121A56C5000B28938 /* ChoiceViewController.swift */; };
		045B4E0421A575A300B28938 /* ResultsViewController.swift in Sources */ = {isa = PBXBuildFile; fileRef = 045B4E0321A575A300B28938 /* ResultsViewController.swift */; };
		04FA985221A42633007423FD /* AppDelegate.swift in Sources */ = {isa = PBXBuildFile; fileRef = 04FA985121A42633007423FD /* AppDelegate.swift */; };
		04FA985421A42633007423FD /* ViewController.swift in Sources */ = {isa = PBXBuildFile; fileRef = 04FA985321A42633007423FD /* ViewController.swift */; };
		04FA985721A42633007423FD /* Main.storyboard in Resources */ = {isa = PBXBuildFile; fileRef = 04FA985521A42633007423FD /* Main.storyboard */; };
		04FA985921A42633007423FD /* Assets.xcassets in Resources */ = {isa = PBXBuildFile; fileRef = 04FA985821A42633007423FD /* Assets.xcassets */; };
		04FA985C21A42633007423FD /* LaunchScreen.storyboard in Resources */ = {isa = PBXBuildFile; fileRef = 04FA985A21A42633007423FD /* LaunchScreen.storyboard */; };
		04FA986421A4269C007423FD /* Story.swift in Sources */ = {isa = PBXBuildFile; fileRef = 04FA986321A4269C007423FD /* Story.swift */; };
/* End PBXBuildFile section */

/* Begin PBXFileReference section */
		045B4DF521A5537E00B28938 /* QuestionViewController.swift */ = {isa = PBXFileReference; lastKnownFileType = sourcecode.swift; path = QuestionViewController.swift; sourceTree = "<group>"; };
		045B4DF721A55EFB00B28938 /* madlib0_simple.txt */ = {isa = PBXFileReference; fileEncoding = 4; lastKnownFileType = text; name = madlib0_simple.txt; path = madlibs_ios/madlib0_simple.txt; sourceTree = SOURCE_ROOT; };
		045B4DF921A55F1B00B28938 /* madlib2_university.txt */ = {isa = PBXFileReference; fileEncoding = 4; lastKnownFileType = text; name = madlib2_university.txt; path = madlibs_ios/madlib2_university.txt; sourceTree = SOURCE_ROOT; };
		045B4DFA21A55F1B00B28938 /* madlib3_clothes.txt */ = {isa = PBXFileReference; fileEncoding = 4; lastKnownFileType = text; name = madlib3_clothes.txt; path = madlibs_ios/madlib3_clothes.txt; sourceTree = SOURCE_ROOT; };
		045B4DFB21A55F1B00B28938 /* madlib1_tarzan.txt */ = {isa = PBXFileReference; fileEncoding = 4; lastKnownFileType = text; name = madlib1_tarzan.txt; path = madlibs_ios/madlib1_tarzan.txt; sourceTree = SOURCE_ROOT; };
		045B4DFC21A55F1C00B28938 /* madlib4_dance.txt */ = {isa = PBXFileReference; fileEncoding = 4; lastKnownFileType = text; name = madlib4_dance.txt; path = madlibs_ios/madlib4_dance.txt; sourceTree = SOURCE_ROOT; };
		045B4E0121A56C5000B28938 /* ChoiceViewController.swift */ = {isa = PBXFileReference; lastKnownFileType = sourcecode.swift; path = ChoiceViewController.swift; sourceTree = "<group>"; };
		045B4E0321A575A300B28938 /* ResultsViewController.swift */ = {isa = PBXFileReference; lastKnownFileType = sourcecode.swift; path = ResultsViewController.swift; sourceTree = "<group>"; };
		04FA984E21A42633007423FD /* NoudCorten-pset2.app */ = {isa = PBXFileReference; explicitFileType = wrapper.application; includeInIndex = 0; path = "NoudCorten-pset2.app"; sourceTree = BUILT_PRODUCTS_DIR; };
		04FA985121A42633007423FD /* AppDelegate.swift */ = {isa = PBXFileReference; lastKnownFileType = sourcecode.swift; path = AppDelegate.swift; sourceTree = "<group>"; };
		04FA985321A42633007423FD /* ViewController.swift */ = {isa = PBXFileReference; lastKnownFileType = sourcecode.swift; path = ViewController.swift; sourceTree = "<group>"; };
		04FA985621A42633007423FD /* Base */ = {isa = PBXFileReference; lastKnownFileType = file.storyboard; name = Base; path = Base.lproj/Main.storyboard; sourceTree = "<group>"; };
		04FA985821A42633007423FD /* Assets.xcassets */ = {isa = PBXFileReference; lastKnownFileType = folder.assetcatalog; path = Assets.xcassets; sourceTree = "<group>"; };
		04FA985B21A42633007423FD /* Base */ = {isa = PBXFileReference; lastKnownFileType = file.storyboard; name = Base; path = Base.lproj/LaunchScreen.storyboard; sourceTree = "<group>"; };
		04FA985D21A42633007423FD /* Info.plist */ = {isa = PBXFileReference; lastKnownFileType = text.plist.xml; path = Info.plist; sourceTree = "<group>"; };
		04FA986321A4269C007423FD /* Story.swift */ = {isa = PBXFileReference; fileEncoding = 4; lastKnownFileType = sourcecode.swift; path = Story.swift; sourceTree = "<group>"; };
/* End PBXFileReference section */

/* Begin PBXFrameworksBuildPhase section */
		04FA984B21A42633007423FD /* Frameworks */ = {
			isa = PBXFrameworksBuildPhase;
			buildActionMask = 2147483647;
			files = (
			);
			runOnlyForDeploymentPostprocessing = 0;
		};
/* End PBXFrameworksBuildPhase section */

/* Begin PBXGroup section */
		04FA984521A42633007423FD = {
			isa = PBXGroup;
			children = (
				04FA985021A42633007423FD /* NoudCorten-pset2 */,
				04FA984F21A42633007423FD /* Products */,
			);
			sourceTree = "<group>";
		};
		04FA984F21A42633007423FD /* Products */ = {
			isa = PBXGroup;
			children = (
				04FA984E21A42633007423FD /* NoudCorten-pset2.app */,
			);
			name = Products;
			sourceTree = "<group>";
		};
		04FA985021A42633007423FD /* NoudCorten-pset2 */ = {
			isa = PBXGroup;
			children = (
				04FA985121A42633007423FD /* AppDelegate.swift */,
				04FA985321A42633007423FD /* ViewController.swift */,
				04FA986321A4269C007423FD /* Story.swift */,
				04FA985521A42633007423FD /* Main.storyboard */,
				04FA985821A42633007423FD /* Assets.xcassets */,
				045B4E0121A56C5000B28938 /* ChoiceViewController.swift */,
				045B4DF521A5537E00B28938 /* QuestionViewController.swift */,
				045B4E0321A575A300B28938 /* ResultsViewController.swift */,
				04FA985A21A42633007423FD /* LaunchScreen.storyboard */,
				045B4DF721A55EFB00B28938 /* madlib0_simple.txt */,
				045B4DFB21A55F1B00B28938 /* madlib1_tarzan.txt */,
				045B4DF921A55F1B00B28938 /* madlib2_university.txt */,
				045B4DFA21A55F1B00B28938 /* madlib3_clothes.txt */,
				045B4DFC21A55F1C00B28938 /* madlib4_dance.txt */,
				04FA985D21A42633007423FD /* Info.plist */,
			);
			path = "NoudCorten-pset2";
			sourceTree = "<group>";
		};
/* End PBXGroup section */

/* Begin PBXNativeTarget section */
		04FA984D21A42633007423FD /* NoudCorten-pset2 */ = {
			isa = PBXNativeTarget;
			buildConfigurationList = 04FA986021A42633007423FD /* Build configuration list for PBXNativeTarget "NoudCorten-pset2" */;
			buildPhases = (
				04FA984A21A42633007423FD /* Sources */,
				04FA984B21A42633007423FD /* Frameworks */,
				04FA984C21A42633007423FD /* Resources */,
			);
			buildRules = (
			);
			dependencies = (
			);
			name = "NoudCorten-pset2";
			productName = "NoudCorten-pset2";
			productReference = 04FA984E21A42633007423FD /* NoudCorten-pset2.app */;
			productType = "com.apple.product-type.application";
		};
/* End PBXNativeTarget section */

/* Begin PBXProject section */
		04FA984621A42633007423FD /* Project object */ = {
			isa = PBXProject;
			attributes = {
				LastSwiftUpdateCheck = 0920;
				LastUpgradeCheck = 0920;
				ORGANIZATIONNAME = Noud;
				TargetAttributes = {
					04FA984D21A42633007423FD = {
						CreatedOnToolsVersion = 9.2;
						ProvisioningStyle = Automatic;
					};
				};
			};
			buildConfigurationList = 04FA984921A42633007423FD /* Build configuration list for PBXProject "NoudCorten-pset2" */;
			compatibilityVersion = "Xcode 8.0";
			developmentRegion = en;
			hasScannedForEncodings = 0;
			knownRegions = (
				en,
				Base,
			);
			mainGroup = 04FA984521A42633007423FD;
			productRefGroup = 04FA984F21A42633007423FD /* Products */;
			projectDirPath = "";
			projectRoot = "";
			targets = (
				04FA984D21A42633007423FD /* NoudCorten-pset2 */,
			);
		};
/* End PBXProject section */

/* Begin PBXResourcesBuildPhase section */
		04FA984C21A42633007423FD /* Resources */ = {
			isa = PBXResourcesBuildPhase;
			buildActionMask = 2147483647;
			files = (
				04FA985C21A42633007423FD /* LaunchScreen.storyboard in Resources */,
				04FA985921A42633007423FD /* Assets.xcassets in Resources */,
				045B4DF821A55EFB00B28938 /* madlib0_simple.txt in Resources */,
				045B4DFD21A55F1C00B28938 /* madlib2_university.txt in Resources */,
				045B4DFF21A55F1C00B28938 /* madlib1_tarzan.txt in Resources */,
				045B4DFE21A55F1C00B28938 /* madlib3_clothes.txt in Resources */,
				045B4E0021A55F1C00B28938 /* madlib4_dance.txt in Resources */,
				04FA985721A42633007423FD /* Main.storyboard in Resources */,
			);
			runOnlyForDeploymentPostprocessing = 0;
		};
/* End PBXResourcesBuildPhase section */

/* Begin PBXSourcesBuildPhase section */
		04FA984A21A42633007423FD /* Sources */ = {
			isa = PBXSourcesBuildPhase;
			buildActionMask = 2147483647;
			files = (
				04FA985421A42633007423FD /* ViewController.swift in Sources */,
				04FA985221A42633007423FD /* AppDelegate.swift in Sources */,
				045B4E0221A56C5000B28938 /* ChoiceViewController.swift in Sources */,
				045B4DF621A5537E00B28938 /* QuestionViewController.swift in Sources */,
				04FA986421A4269C007423FD /* Story.swift in Sources */,
				045B4E0421A575A300B28938 /* ResultsViewController.swift in Sources */,
			);
			runOnlyForDeploymentPostprocessing = 0;
		};
/* End PBXSourcesBuildPhase section */

/* Begin PBXVariantGroup section */
		04FA985521A42633007423FD /* Main.storyboard */ = {
			isa = PBXVariantGroup;
			children = (
				04FA985621A42633007423FD /* Base */,
			);
			name = Main.storyboard;
			sourceTree = "<group>";
		};
		04FA985A21A42633007423FD /* LaunchScreen.storyboard */ = {
			isa = PBXVariantGroup;
			children = (
				04FA985B21A42633007423FD /* Base */,
			);
			name = LaunchScreen.storyboard;
			sourceTree = "<group>";
		};
/* End PBXVariantGroup section */

/* Begin XCBuildConfiguration section */
		04FA985E21A42633007423FD /* Debug */ = {
			isa = XCBuildConfiguration;
			buildSettings = {
				ALWAYS_SEARCH_USER_PATHS = NO;
				CLANG_ANALYZER_NONNULL = YES;
				CLANG_ANALYZER_NUMBER_OBJECT_CONVERSION = YES_AGGRESSIVE;
				CLANG_CXX_LANGUAGE_STANDARD = "gnu++14";
				CLANG_CXX_LIBRARY = "libc++";
				CLANG_ENABLE_MODULES = YES;
				CLANG_ENABLE_OBJC_ARC = YES;
				CLANG_WARN_BLOCK_CAPTURE_AUTORELEASING = YES;
				CLANG_WARN_BOOL_CONVERSION = YES;
				CLANG_WARN_COMMA = YES;
				CLANG_WARN_CONSTANT_CONVERSION = YES;
				CLANG_WARN_DIRECT_OBJC_ISA_USAGE = YES_ERROR;
				CLANG_WARN_DOCUMENTATION_COMMENTS = YES;
				CLANG_WARN_EMPTY_BODY = YES;
				CLANG_WARN_ENUM_CONVERSION = YES;
				CLANG_WARN_INFINITE_RECURSION = YES;
				CLANG_WARN_INT_CONVERSION = YES;
				CLANG_WARN_NON_LITERAL_NULL_CONVERSION = YES;
				CLANG_WARN_OBJC_LITERAL_CONVERSION = YES;
				CLANG_WARN_OBJC_ROOT_CLASS = YES_ERROR;
				CLANG_WARN_RANGE_LOOP_ANALYSIS = YES;
				CLANG_WARN_STRICT_PROTOTYPES = YES;
				CLANG_WARN_SUSPICIOUS_MOVE = YES;
				CLANG_WARN_UNGUARDED_AVAILABILITY = YES_AGGRESSIVE;
				CLANG_WARN_UNREACHABLE_CODE = YES;
				CLANG_WARN__DUPLICATE_METHOD_MATCH = YES;
				CODE_SIGN_IDENTITY = "iPhone Developer";
				COPY_PHASE_STRIP = NO;
				DEBUG_INFORMATION_FORMAT = dwarf;
				ENABLE_STRICT_OBJC_MSGSEND = YES;
				ENABLE_TESTABILITY = YES;
				GCC_C_LANGUAGE_STANDARD = gnu11;
				GCC_DYNAMIC_NO_PIC = NO;
				GCC_NO_COMMON_BLOCKS = YES;
				GCC_OPTIMIZATION_LEVEL = 0;
				GCC_PREPROCESSOR_DEFINITIONS = (
					"DEBUG=1",
					"$(inherited)",
				);
				GCC_WARN_64_TO_32_BIT_CONVERSION = YES;
				GCC_WARN_ABOUT_RETURN_TYPE = YES_ERROR;
				GCC_WARN_UNDECLARED_SELECTOR = YES;
				GCC_WARN_UNINITIALIZED_AUTOS = YES_AGGRESSIVE;
				GCC_WARN_UNUSED_FUNCTION = YES;
				GCC_WARN_UNUSED_VARIABLE = YES;
				IPHONEOS_DEPLOYMENT_TARGET = 11.2;
				MTL_ENABLE_DEBUG_INFO = YES;
				ONLY_ACTIVE_ARCH = YES;
				SDKROOT = iphoneos;
				SWIFT_ACTIVE_COMPILATION_CONDITIONS = DEBUG;
				SWIFT_OPTIMIZATION_LEVEL = "-Onone";
			};
			name = Debug;
		};
		04FA985F21A42633007423FD /* Release */ = {
			isa = XCBuildConfiguration;
			buildSettings = {
				ALWAYS_SEARCH_USER_PATHS = NO;
				CLANG_ANALYZER_NONNULL = YES;
				CLANG_ANALYZER_NUMBER_OBJECT_CONVERSION = YES_AGGRESSIVE;
				CLANG_CXX_LANGUAGE_STANDARD = "gnu++14";
				CLANG_CXX_LIBRARY = "libc++";
				CLANG_ENABLE_MODULES = YES;
				CLANG_ENABLE_OBJC_ARC = YES;
				CLANG_WARN_BLOCK_CAPTURE_AUTORELEASING = YES;
				CLANG_WARN_BOOL_CONVERSION = YES;
				CLANG_WARN_COMMA = YES;
				CLANG_WARN_CONSTANT_CONVERSION = YES;
				CLANG_WARN_DIRECT_OBJC_ISA_USAGE = YES_ERROR;
				CLANG_WARN_DOCUMENTATION_COMMENTS = YES;
				CLANG_WARN_EMPTY_BODY = YES;
				CLANG_WARN_ENUM_CONVERSION = YES;
				CLANG_WARN_INFINITE_RECURSION = YES;
				CLANG_WARN_INT_CONVERSION = YES;
				CLANG_WARN_NON_LITERAL_NULL_CONVERSION = YES;
				CLANG_WARN_OBJC_LITERAL_CONVERSION = YES;
				CLANG_WARN_OBJC_ROOT_CLASS = YES_ERROR;
				CLANG_WARN_RANGE_LOOP_ANALYSIS = YES;
				CLANG_WARN_STRICT_PROTOTYPES = YES;
				CLANG_WARN_SUSPICIOUS_MOVE = YES;
				CLANG_WARN_UNGUARDED_AVAILABILITY = YES_AGGRESSIVE;
				CLANG_WARN_UNREACHABLE_CODE = YES;
				CLANG_WARN__DUPLICATE_METHOD_MATCH = YES;
				CODE_SIGN_IDENTITY = "iPhone Developer";
				COPY_PHASE_STRIP = NO;
				DEBUG_INFORMATION_FORMAT = "dwarf-with-dsym";
				ENABLE_NS_ASSERTIONS = NO;
				ENABLE_STRICT_OBJC_MSGSEND = YES;
				GCC_C_LANGUAGE_STANDARD = gnu11;
				GCC_NO_COMMON_BLOCKS = YES;
				GCC_WARN_64_TO_32_BIT_CONVERSION = YES;
				GCC_WARN_ABOUT_RETURN_TYPE = YES_ERROR;
				GCC_WARN_UNDECLARED_SELECTOR = YES;
				GCC_WARN_UNINITIALIZED_AUTOS = YES_AGGRESSIVE;
				GCC_WARN_UNUSED_FUNCTION = YES;
				GCC_WARN_UNUSED_VARIABLE = YES;
				IPHONEOS_DEPLOYMENT_TARGET = 11.2;
				MTL_ENABLE_DEBUG_INFO = NO;
				SDKROOT = iphoneos;
				SWIFT_OPTIMIZATION_LEVEL = "-Owholemodule";
				VALIDATE_PRODUCT = YES;
			};
			name = Release;
		};
		04FA986121A42633007423FD /* Debug */ = {
			isa = XCBuildConfiguration;
			buildSettings = {
				ASSETCATALOG_COMPILER_APPICON_NAME = AppIcon;
				CODE_SIGN_STYLE = Automatic;
				DEVELOPMENT_TEAM = 26388NSHH2;
				INFOPLIST_FILE = "NoudCorten-pset2/Info.plist";
				LD_RUNPATH_SEARCH_PATHS = "$(inherited) @executable_path/Frameworks";
				PRODUCT_BUNDLE_IDENTIFIER = "noud.corten.NoudCorten-pset2";
				PRODUCT_NAME = "$(TARGET_NAME)";
				SWIFT_VERSION = 4.0;
				TARGETED_DEVICE_FAMILY = "1,2";
			};
			name = Debug;
		};
		04FA986221A42633007423FD /* Release */ = {
			isa = XCBuildConfiguration;
			buildSettings = {
				ASSETCATALOG_COMPILER_APPICON_NAME = AppIcon;
				CODE_SIGN_STYLE = Automatic;
				DEVELOPMENT_TEAM = 26388NSHH2;
				INFOPLIST_FILE = "NoudCorten-pset2/Info.plist";
				LD_RUNPATH_SEARCH_PATHS = "$(inherited) @executable_path/Frameworks";
				PRODUCT_BUNDLE_IDENTIFIER = "noud.corten.NoudCorten-pset2";
				PRODUCT_NAME = "$(TARGET_NAME)";
				SWIFT_VERSION = 4.0;
				TARGETED_DEVICE_FAMILY = "1,2";
			};
			name = Release;
		};
/* End XCBuildConfiguration section */

/* Begin XCConfigurationList section */
		04FA984921A42633007423FD /* Build configuration list for PBXProject "NoudCorten-pset2" */ = {
			isa = XCConfigurationList;
			buildConfigurations = (
				04FA985E21A42633007423FD /* Debug */,
				04FA985F21A42633007423FD /* Release */,
			);
			defaultConfigurationIsVisible = 0;
			defaultConfigurationName = Release;
		};
		04FA986021A42633007423FD /* Build configuration list for PBXNativeTarget "NoudCorten-pset2" */ = {
			isa = XCConfigurationList;
			buildConfigurations = (
				04FA986121A42633007423FD /* Debug */,
				04FA986221A42633007423FD /* Release */,
			);
			defaultConfigurationIsVisible = 0;
			defaultConfigurationName = Release;
		};
/* End XCConfigurationList section */
	};
	rootObject = 04FA984621A42633007423FD /* Project object */;
}
